{
  "version": 4,
  "terraform_version": "1.7.3",
  "serial": 9,
  "lineage": "d02e4fe6-9279-ee92-d1e9-88094cbf8478",
  "outputs": {},
  "resources": [
    {
      "module": "module.fabric_capacity",
      "mode": "managed",
      "type": "azapi_resource",
      "name": "fab_capacity",
      "provider": "provider[\"registry.terraform.io/azure/azapi\"]",
      "instances": [
        {
          "index_key": 0,
          "schema_version": 0,
          "attributes": {
            "body": "{\"properties\":{\"administration\":{\"members\":[\"abdulah.alhoothy@northernacs.com\"]}},\"sku\":{\"name\":\"F2\",\"tier\":\"Fabric\"}}",
            "id": "/subscriptions/fcde4aea-b8be-4f3b-b0e6-011eb53d901a/resourceGroups/rg-test-102/providers/Microsoft.Fabric/capacities/fabtest102",
            "identity": [],
            "ignore_body_changes": null,
            "ignore_casing": false,
            "ignore_missing_property": true,
            "location": "Canada Central",
            "locks": null,
            "name": "fabtest102",
            "output": "{}",
            "parent_id": "/subscriptions/fcde4aea-b8be-4f3b-b0e6-011eb53d901a/resourceGroups/rg-test-102",
            "removing_special_chars": false,
            "response_export_values": null,
            "schema_validation_enabled": false,
            "tags": {},
            "timeouts": null,
            "type": "Microsoft.Fabric/capacities@2022-07-01-preview"
          },
          "sensitive_attributes": [],
          "private": "eyJlMmJmYjczMC1lY2FhLTExZTYtOGY4OC0zNDM2M2JjN2M0YzAiOnsiY3JlYXRlIjoxODAwMDAwMDAwMDAwLCJkZWxldGUiOjE4MDAwMDAwMDAwMDAsInJlYWQiOjMwMDAwMDAwMDAwMCwidXBkYXRlIjoxODAwMDAwMDAwMDAwfX0=",
          "dependencies": [
            "module.resource_group.azurerm_resource_group.adl_rg"
          ]
        }
      ]
    },
    {
      "module": "module.resource_group",
      "mode": "managed",
      "type": "azurerm_resource_group",
      "name": "adl_rg",
      "provider": "provider[\"registry.terraform.io/hashicorp/azurerm\"]",
      "instances": [
        {
          "index_key": 0,
          "schema_version": 0,
          "attributes": {
            "id": "/subscriptions/fcde4aea-b8be-4f3b-b0e6-011eb53d901a/resourceGroups/rg-test-102",
            "location": "canadacentral",
            "managed_by": "",
            "name": "rg-test-102",
            "tags": null,
            "timeouts": null
          },
          "sensitive_attributes": [],
          "private": "eyJlMmJmYjczMC1lY2FhLTExZTYtOGY4OC0zNDM2M2JjN2M0YzAiOnsiY3JlYXRlIjo1NDAwMDAwMDAwMDAwLCJkZWxldGUiOjU0MDAwMDAwMDAwMDAsInJlYWQiOjMwMDAwMDAwMDAwMCwidXBkYXRlIjo1NDAwMDAwMDAwMDAwfX0="
        }
      ]
    }
  ],
  "check_results": [
    {
      "object_kind": "var",
      "config_addr": "module.resource_group.var.basename",
      "status": "pass",
      "objects": [
        {
          "object_addr": "module.resource_group.var.basename",
          "status": "pass"
        }
      ]
    },
    {
      "object_kind": "var",
      "config_addr": "module.fabric_capacity.var.basename",
      "status": "pass",
      "objects": [
        {
          "object_addr": "module.fabric_capacity.var.basename",
          "status": "pass"
        }
      ]
    }
  ]
}
